{
  "version": 4,
  "terraform_version": "1.11.4",
  "serial": 24,
  "lineage": "2e3b3a13-4509-9852-0267-d1b34a24a478",
  "outputs": {},
  "resources": [
    {
      "mode": "data",
      "type": "twc_configurator",
      "name": "configurator",
      "provider": "provider[\"tf.timeweb.cloud/timeweb-cloud/timeweb-cloud\"]",
      "instances": [
        {
          "schema_version": 0,
          "attributes": {
            "cpu_frequency": "3.3",
            "disk_type": "nvme",
            "id": "11",
            "location": "ru-1",
            "preset_type": "premium",
            "requirements": [
              {
                "cpu_max": 104,
                "cpu_min": 1,
                "cpu_step": 1,
                "disk_max": 2048000,
                "disk_min": 15360,
                "disk_step": 5120,
                "gpu_max": 0,
                "gpu_min": 0,
                "gpu_step": 0,
                "network_bandwidth_max": 1000,
                "network_bandwidth_min": 1000,
                "network_bandwidth_step": 100,
                "ram_max": 747520,
                "ram_min": 1024,
                "ram_step": 1024
              }
            ]
          },
          "sensitive_attributes": []
        }
      ]
    },
    {
      "mode": "data",
      "type": "twc_os",
      "name": "os",
      "provider": "provider[\"tf.timeweb.cloud/timeweb-cloud/timeweb-cloud\"]",
      "instances": [
        {
          "schema_version": 0,
          "attributes": {
            "description": "",
            "family": "linux",
            "id": "79",
            "name": "ubuntu",
            "requirements": [
              {
                "bandwidth_min": 0,
                "cpu_min": 0,
                "disk_min": 0,
                "ram_min": 0
              }
            ],
            "version": "22.04",
            "version_codename": "jammy"
          },
          "sensitive_attributes": []
        }
      ]
    },
    {
      "mode": "data",
      "type": "twc_software",
      "name": "software",
      "provider": "provider[\"tf.timeweb.cloud/timeweb-cloud/timeweb-cloud\"]",
      "instances": [
        {
          "schema_version": 0,
          "attributes": {
            "id": "25",
            "name": "Docker",
            "os": [
              {
                "description": "",
                "family": "linux",
                "id": 47,
                "name": "ubuntu",
                "requirements": [
                  {
                    "bandwidth_min": 0,
                    "cpu_min": 0,
                    "disk_min": 0,
                    "ram_min": 0
                  }
                ],
                "version": "18.04",
                "version_codename": "bionic"
              }
            ]
          },
          "sensitive_attributes": []
        }
      ]
    },
    {
      "mode": "managed",
      "type": "twc_server",
      "name": "devops",
      "provider": "provider[\"tf.timeweb.cloud/timeweb-cloud/timeweb-cloud\"]",
      "instances": [
        {
          "schema_version": 0,
          "attributes": {
            "availability_zone": "spb-3",
            "avatar_id": "",
            "bandwidth": null,
            "boot_mode": "std",
            "cloud_init": null,
            "comment": "",
            "configuration": [
              {
                "configurator_id": 11,
                "cpu": 2,
                "disk": 30720,
                "gpu": 0,
                "ram": 4096
              }
            ],
            "configurator_id": 11,
            "cpu": 2,
            "cpu_frequency": "3.3",
            "disks": [
              {
                "id": 21210621,
                "is_mounted": true,
                "is_system": true,
                "size": 30720,
                "status": "done",
                "system_name": "vda",
                "type": "nvme",
                "used": 0
              }
            ],
            "floating_ip_id": null,
            "id": "4639977",
            "image_id": null,
            "is_ddos_guard": false,
            "is_root_password_required": true,
            "local_network": [],
            "location": "ru-1",
            "main_ipv4": null,
            "name": "DevOps",
            "networks": [
              {
                "bandwidth": 1000,
                "ips": [
                  {
                    "ip": "2a03:6f01:1:2::e644",
                    "is_main": true,
                    "ptr": "",
                    "type": "ipv6"
                  }
                ],
                "is_ddos_guard": false,
                "nat_mode": "",
                "type": "public"
              }
            ],
            "os": [
              {
                "id": 79,
                "name": "ubuntu",
                "version": "22.04"
              }
            ],
            "os_id": 79,
            "preset_id": 0,
            "project_id": 1304303,
            "ram": 4096,
            "root_pass": "",
            "software": [
              {
                "id": 25,
                "name": "Docker"
              }
            ],
            "software_id": 25,
            "source_server_id": null,
            "ssh_keys_ids": null,
            "start_at": "",
            "status": "installing",
            "vnc_pass": ""
          },
          "sensitive_attributes": [
            [
              {
                "type": "get_attr",
                "value": "vnc_pass"
              }
            ],
            [
              {
                "type": "get_attr",
                "value": "root_pass"
              }
            ]
          ],
          "private": "bnVsbA==",
          "dependencies": [
            "data.twc_configurator.configurator",
            "data.twc_os.os",
            "data.twc_software.software"
          ]
        }
      ]
    },
    {
      "mode": "managed",
      "type": "twc_server_ip",
      "name": "server_ip",
      "provider": "provider[\"tf.timeweb.cloud/timeweb-cloud/timeweb-cloud\"]",
      "instances": [
        {
          "schema_version": 0,
          "attributes": {
            "id": "4639977-188.225.35.159",
            "ip": "188.225.35.159",
            "is_main": true,
            "ptr": "",
            "source_server_id": 4639977,
            "type": "ipv4"
          },
          "sensitive_attributes": [],
          "private": "bnVsbA==",
          "dependencies": [
            "data.twc_configurator.configurator",
            "data.twc_os.os",
            "data.twc_software.software",
            "twc_server.devops"
          ]
        }
      ]
    }
  ],
  "check_results": null
}
